
Microsoft Visual Studio Solution File, Format Version 12.00
# Visual Studio 15
VisualStudioVersion = 15.0.28307.421
MinimumVisualStudioVersion = 10.0.40219.1
Project("{FAE04EC0-301F-11D3-BF4B-00C04F79EFBC}") = "ShopBanGiay.Presentation", "ShopBanGiay.Presentation\ShopBanGiay.Presentation.csproj", "{920E305E-41F1-492E-8984-C8DE69A6686B}"
EndProject
Project("{FAE04EC0-301F-11D3-BF4B-00C04F79EFBC}") = "ShopBanGiay.Data.EF", "ShopBanGiay.Data.EF\ShopBanGiay.Data.EF.csproj", "{85E42CAC-A4C6-454A-A853-613F67E6C52A}"
EndProject
Project("{FAE04EC0-301F-11D3-BF4B-00C04F79EFBC}") = "ShopBanGiay.Data", "ShopBanGiay.Data\ShopBanGiay.Data.csproj", "{714BE83A-E3E5-4C34-B4E3-7884DE79F1BC}"
EndProject
Project("{FAE04EC0-301F-11D3-BF4B-00C04F79EFBC}") = "ShopBanGiay.Utilities", "ShopBanGiay.Utilities\ShopBanGiay.Utilities.csproj", "{8697B0A8-D174-4DCF-85F3-A3F52452638D}"
EndProject
Project("{FAE04EC0-301F-11D3-BF4B-00C04F79EFBC}") = "ShopBanGiay.Infrastructure", "ShopBanGiay.Infrastructure\ShopBanGiay.Infrastructure.csproj", "{1E0D125D-84BC-48DC-B13A-50C8704E4302}"
EndProject
Project("{FAE04EC0-301F-11D3-BF4B-00C04F79EFBC}") = "ShopBanGiay.Application", "ShopBanGiay.Application\ShopBanGiay.Application.csproj", "{CD5756E6-28D1-45F8-B760-4A6F3F99FEEF}"
EndProject
Project("{2150E333-8FDC-42A3-9474-1A3956D46DE8}") = "1 - Presentation", "1 - Presentation", "{F9BD6C51-31E0-424F-8015-0A93BB570858}"
EndProject
Project("{2150E333-8FDC-42A3-9474-1A3956D46DE8}") = "2 - Application", "2 - Application", "{B4EC2552-32F2-4058-948C-3D1A107EB878}"
EndProject
Project("{2150E333-8FDC-42A3-9474-1A3956D46DE8}") = "3 - Domain", "3 - Domain", "{E44BBBD0-C07F-4A8A-A6EF-72FB9E85BED2}"
EndProject
Project("{2150E333-8FDC-42A3-9474-1A3956D46DE8}") = "4 - Infrastructure", "4 - Infrastructure", "{8D4C50AB-BCBD-43EF-BE2A-08E31C1889FF}"
EndProject
Global
	GlobalSection(SolutionConfigurationPlatforms) = preSolution
		Debug|Any CPU = Debug|Any CPU
		Release|Any CPU = Release|Any CPU
	EndGlobalSection
	GlobalSection(ProjectConfigurationPlatforms) = postSolution
		{920E305E-41F1-492E-8984-C8DE69A6686B}.Debug|Any CPU.ActiveCfg = Debug|Any CPU
		{920E305E-41F1-492E-8984-C8DE69A6686B}.Debug|Any CPU.Build.0 = Debug|Any CPU
		{920E305E-41F1-492E-8984-C8DE69A6686B}.Release|Any CPU.ActiveCfg = Release|Any CPU
		{920E305E-41F1-492E-8984-C8DE69A6686B}.Release|Any CPU.Build.0 = Release|Any CPU
		{85E42CAC-A4C6-454A-A853-613F67E6C52A}.Debug|Any CPU.ActiveCfg = Debug|Any CPU
		{85E42CAC-A4C6-454A-A853-613F67E6C52A}.Debug|Any CPU.Build.0 = Debug|Any CPU
		{85E42CAC-A4C6-454A-A853-613F67E6C52A}.Release|Any CPU.ActiveCfg = Release|Any CPU
		{85E42CAC-A4C6-454A-A853-613F67E6C52A}.Release|Any CPU.Build.0 = Release|Any CPU
		{714BE83A-E3E5-4C34-B4E3-7884DE79F1BC}.Debug|Any CPU.ActiveCfg = Debug|Any CPU
		{714BE83A-E3E5-4C34-B4E3-7884DE79F1BC}.Debug|Any CPU.Build.0 = Debug|Any CPU
		{714BE83A-E3E5-4C34-B4E3-7884DE79F1BC}.Release|Any CPU.ActiveCfg = Release|Any CPU
		{714BE83A-E3E5-4C34-B4E3-7884DE79F1BC}.Release|Any CPU.Build.0 = Release|Any CPU
		{8697B0A8-D174-4DCF-85F3-A3F52452638D}.Debug|Any CPU.ActiveCfg = Debug|Any CPU
		{8697B0A8-D174-4DCF-85F3-A3F52452638D}.Debug|Any CPU.Build.0 = Debug|Any CPU
		{8697B0A8-D174-4DCF-85F3-A3F52452638D}.Release|Any CPU.ActiveCfg = Release|Any CPU
		{8697B0A8-D174-4DCF-85F3-A3F52452638D}.Release|Any CPU.Build.0 = Release|Any CPU
		{1E0D125D-84BC-48DC-B13A-50C8704E4302}.Debug|Any CPU.ActiveCfg = Debug|Any CPU
		{1E0D125D-84BC-48DC-B13A-50C8704E4302}.Debug|Any CPU.Build.0 = Debug|Any CPU
		{1E0D125D-84BC-48DC-B13A-50C8704E4302}.Release|Any CPU.ActiveCfg = Release|Any CPU
		{1E0D125D-84BC-48DC-B13A-50C8704E4302}.Release|Any CPU.Build.0 = Release|Any CPU
		{CD5756E6-28D1-45F8-B760-4A6F3F99FEEF}.Debug|Any CPU.ActiveCfg = Debug|Any CPU
		{CD5756E6-28D1-45F8-B760-4A6F3F99FEEF}.Debug|Any CPU.Build.0 = Debug|Any CPU
		{CD5756E6-28D1-45F8-B760-4A6F3F99FEEF}.Release|Any CPU.ActiveCfg = Release|Any CPU
		{CD5756E6-28D1-45F8-B760-4A6F3F99FEEF}.Release|Any CPU.Build.0 = Release|Any CPU
	EndGlobalSection
	GlobalSection(SolutionProperties) = preSolution
		HideSolutionNode = FALSE
	EndGlobalSection
	GlobalSection(NestedProjects) = preSolution
		{920E305E-41F1-492E-8984-C8DE69A6686B} = {F9BD6C51-31E0-424F-8015-0A93BB570858}
		{85E42CAC-A4C6-454A-A853-613F67E6C52A} = {E44BBBD0-C07F-4A8A-A6EF-72FB9E85BED2}
		{714BE83A-E3E5-4C34-B4E3-7884DE79F1BC} = {E44BBBD0-C07F-4A8A-A6EF-72FB9E85BED2}
		{1E0D125D-84BC-48DC-B13A-50C8704E4302} = {8D4C50AB-BCBD-43EF-BE2A-08E31C1889FF}
		{CD5756E6-28D1-45F8-B760-4A6F3F99FEEF} = {B4EC2552-32F2-4058-948C-3D1A107EB878}
	EndGlobalSection
	GlobalSection(ExtensibilityGlobals) = postSolution
		SolutionGuid = {3559893C-9ED5-4654-A184-B0534FA4F0D5}
	EndGlobalSection
EndGlobal
