
Microsoft Visual Studio Solution File, Format Version 12.00
# Visual Studio 15
VisualStudioVersion = 15.0.28307.421
MinimumVisualStudioVersion = 10.0.40219.1
Project("{FAE04EC0-301F-11D3-BF4B-00C04F79EFBC}") = "ShopBanGiay.Presentation", "ShopBanGiay.Presentation\ShopBanGiay.Presentation.csproj", "{920E305E-41F1-492E-8984-C8DE69A6686B}"
EndProject
Global
	GlobalSection(SolutionConfigurationPlatforms) = preSolution
		Debug|Any CPU = Debug|Any CPU
		Release|Any CPU = Release|Any CPU
	EndGlobalSection
	GlobalSection(ProjectConfigurationPlatforms) = postSolution
		{920E305E-41F1-492E-8984-C8DE69A6686B}.Debug|Any CPU.ActiveCfg = Debug|Any CPU
		{920E305E-41F1-492E-8984-C8DE69A6686B}.Debug|Any CPU.Build.0 = Debug|Any CPU
		{920E305E-41F1-492E-8984-C8DE69A6686B}.Release|Any CPU.ActiveCfg = Release|Any CPU
		{920E305E-41F1-492E-8984-C8DE69A6686B}.Release|Any CPU.Build.0 = Release|Any CPU
	EndGlobalSection
	GlobalSection(SolutionProperties) = preSolution
		HideSolutionNode = FALSE
	EndGlobalSection
	GlobalSection(ExtensibilityGlobals) = postSolution
		SolutionGuid = {3559893C-9ED5-4654-A184-B0534FA4F0D5}
	EndGlobalSection
EndGlobal
